
Microsoft Visual Studio Solution File, Format Version 12.00
# Visual Studio Version 17
VisualStudioVersion = 17.3.32825.248
MinimumVisualStudioVersion = 10.0.40219.1
Project("{FAE04EC0-301F-11D3-BF4B-00C04F79EFBC}") = "TestProject1", "TestProject1\TestProject1.csproj", "{CDB294AE-140C-4484-BA12-0FA1811C6384}"
EndProject
Project("{FAE04EC0-301F-11D3-BF4B-00C04F79EFBC}") = "ClassLibrary1", "ClassLibrary1\ClassLibrary1.csproj", "{58EB970D-2769-43D5-9BB4-132FBDE91E8C}"
EndProject
Global
	GlobalSection(SolutionConfigurationPlatforms) = preSolution
		Debug|Any CPU = Debug|Any CPU
		Release|Any CPU = Release|Any CPU
	EndGlobalSection
	GlobalSection(ProjectConfigurationPlatforms) = postSolution
		{CDB294AE-140C-4484-BA12-0FA1811C6384}.Debug|Any CPU.ActiveCfg = Debug|Any CPU
		{CDB294AE-140C-4484-BA12-0FA1811C6384}.Debug|Any CPU.Build.0 = Debug|Any CPU
		{CDB294AE-140C-4484-BA12-0FA1811C6384}.Release|Any CPU.ActiveCfg = Release|Any CPU
		{CDB294AE-140C-4484-BA12-0FA1811C6384}.Release|Any CPU.Build.0 = Release|Any CPU
		{58EB970D-2769-43D5-9BB4-132FBDE91E8C}.Debug|Any CPU.ActiveCfg = Debug|Any CPU
		{58EB970D-2769-43D5-9BB4-132FBDE91E8C}.Debug|Any CPU.Build.0 = Debug|Any CPU
		{58EB970D-2769-43D5-9BB4-132FBDE91E8C}.Release|Any CPU.ActiveCfg = Release|Any CPU
		{58EB970D-2769-43D5-9BB4-132FBDE91E8C}.Release|Any CPU.Build.0 = Release|Any CPU
	EndGlobalSection
	GlobalSection(SolutionProperties) = preSolution
		HideSolutionNode = FALSE
	EndGlobalSection
	GlobalSection(ExtensibilityGlobals) = postSolution
		SolutionGuid = {6B89EA1A-7184-4883-A5EB-0F505CA6C474}
	EndGlobalSection
EndGlobal
